
Microsoft Visual Studio Solution File, Format Version 12.00
# Visual Studio Version 17
VisualStudioVersion = 17.5.002.0
MinimumVisualStudioVersion = 10.0.40219.1
Project("{9A19103F-16F7-4668-BE54-9A1E7A4F7556}") = "ToDoListTask1", "ToDoListTask1\ToDoListTask1.csproj", "{1F863751-66A9-4E77-B99E-36E9402655F3}"
EndProject
Global
	GlobalSection(SolutionConfigurationPlatforms) = preSolution
		Debug|Any CPU = Debug|Any CPU
		Release|Any CPU = Release|Any CPU
	EndGlobalSection
	GlobalSection(ProjectConfigurationPlatforms) = postSolution
		{1F863751-66A9-4E77-B99E-36E9402655F3}.Debug|Any CPU.ActiveCfg = Debug|Any CPU
		{1F863751-66A9-4E77-B99E-36E9402655F3}.Debug|Any CPU.Build.0 = Debug|Any CPU
		{1F863751-66A9-4E77-B99E-36E9402655F3}.Release|Any CPU.ActiveCfg = Release|Any CPU
		{1F863751-66A9-4E77-B99E-36E9402655F3}.Release|Any CPU.Build.0 = Release|Any CPU
	EndGlobalSection
	GlobalSection(SolutionProperties) = preSolution
		HideSolutionNode = FALSE
	EndGlobalSection
	GlobalSection(ExtensibilityGlobals) = postSolution
		SolutionGuid = {56D7E56F-FFD0-4D08-AA1E-1BB87F8AA6FD}
	EndGlobalSection
EndGlobal
